
Microsoft Visual Studio Solution File, Format Version 12.00
# Visual Studio Version 16
VisualStudioVersion = 16.0.31729.503
MinimumVisualStudioVersion = 10.0.40219.1
Project("{FAE04EC0-301F-11D3-BF4B-00C04F79EFBC}") = "EmpWage_OOPs", "EmpWage_OOPs\EmpWage_OOPs.csproj", "{D9B56550-625D-49A6-A54C-FD4FDB8415F4}"
EndProject
Global
	GlobalSection(SolutionConfigurationPlatforms) = preSolution
		Debug|Any CPU = Debug|Any CPU
		Release|Any CPU = Release|Any CPU
	EndGlobalSection
	GlobalSection(ProjectConfigurationPlatforms) = postSolution
		{D9B56550-625D-49A6-A54C-FD4FDB8415F4}.Debug|Any CPU.ActiveCfg = Debug|Any CPU
		{D9B56550-625D-49A6-A54C-FD4FDB8415F4}.Debug|Any CPU.Build.0 = Debug|Any CPU
		{D9B56550-625D-49A6-A54C-FD4FDB8415F4}.Release|Any CPU.ActiveCfg = Release|Any CPU
		{D9B56550-625D-49A6-A54C-FD4FDB8415F4}.Release|Any CPU.Build.0 = Release|Any CPU
	EndGlobalSection
	GlobalSection(SolutionProperties) = preSolution
		HideSolutionNode = FALSE
	EndGlobalSection
	GlobalSection(ExtensibilityGlobals) = postSolution
		SolutionGuid = {3B0105D7-99D5-4660-9DC9-7F8F0EBAE5B6}
	EndGlobalSection
EndGlobal
